
Microsoft Visual Studio Solution File, Format Version 12.00
# Visual Studio Version 17
VisualStudioVersion = 17.11.35222.181
MinimumVisualStudioVersion = 10.0.40219.1
Project("{8BC9CEB8-8B4A-11D0-8D11-00A0C91BC942}") = "101", "101.vcxproj", "{927709FE-B21E-4381-9957-8BB55F379505}"
EndProject
Global
	GlobalSection(SolutionConfigurationPlatforms) = preSolution
		Debug|x64 = Debug|x64
		Debug|x86 = Debug|x86
		Release|x64 = Release|x64
		Release|x86 = Release|x86
	EndGlobalSection
	GlobalSection(ProjectConfigurationPlatforms) = postSolution
		{927709FE-B21E-4381-9957-8BB55F379505}.Debug|x64.ActiveCfg = Debug|x64
		{927709FE-B21E-4381-9957-8BB55F379505}.Debug|x64.Build.0 = Debug|x64
		{927709FE-B21E-4381-9957-8BB55F379505}.Debug|x86.ActiveCfg = Debug|Win32
		{927709FE-B21E-4381-9957-8BB55F379505}.Debug|x86.Build.0 = Debug|Win32
		{927709FE-B21E-4381-9957-8BB55F379505}.Release|x64.ActiveCfg = Release|x64
		{927709FE-B21E-4381-9957-8BB55F379505}.Release|x64.Build.0 = Release|x64
		{927709FE-B21E-4381-9957-8BB55F379505}.Release|x86.ActiveCfg = Release|Win32
		{927709FE-B21E-4381-9957-8BB55F379505}.Release|x86.Build.0 = Release|Win32
	EndGlobalSection
	GlobalSection(SolutionProperties) = preSolution
		HideSolutionNode = FALSE
	EndGlobalSection
	GlobalSection(ExtensibilityGlobals) = postSolution
		SolutionGuid = {92DE039A-5681-4DDC-A2FB-09ECCF2AFD96}
	EndGlobalSection
EndGlobal
